
Microsoft Visual Studio Solution File, Format Version 12.00
# Visual Studio Version 17
VisualStudioVersion = 17.10.35013.160
MinimumVisualStudioVersion = 10.0.40219.1
Project("{FAE04EC0-301F-11D3-BF4B-00C04F79EFBC}") = "Vulnerabiity_Testing", "Vulnerabiity_Testing\Vulnerabiity_Testing.csproj", "{E4BF5FDF-15B8-4A8C-9871-1883A1255323}"
EndProject
Global
	GlobalSection(SolutionConfigurationPlatforms) = preSolution
		Debug|Any CPU = Debug|Any CPU
		Release|Any CPU = Release|Any CPU
	EndGlobalSection
	GlobalSection(ProjectConfigurationPlatforms) = postSolution
		{E4BF5FDF-15B8-4A8C-9871-1883A1255323}.Debug|Any CPU.ActiveCfg = Debug|Any CPU
		{E4BF5FDF-15B8-4A8C-9871-1883A1255323}.Debug|Any CPU.Build.0 = Debug|Any CPU
		{E4BF5FDF-15B8-4A8C-9871-1883A1255323}.Release|Any CPU.ActiveCfg = Release|Any CPU
		{E4BF5FDF-15B8-4A8C-9871-1883A1255323}.Release|Any CPU.Build.0 = Release|Any CPU
	EndGlobalSection
	GlobalSection(SolutionProperties) = preSolution
		HideSolutionNode = FALSE
	EndGlobalSection
	GlobalSection(ExtensibilityGlobals) = postSolution
		SolutionGuid = {E4A01CC6-78D9-49E2-8C3D-BE5053D814E5}
	EndGlobalSection
EndGlobal
